// !$*UTF8*$!
{
	archiveVersion = 1;
	classes = {
	};
	objectVersion = 46;
	objects = {

/* Begin PBXBuildFile section */
		8F95D34B1906B5D700FC15F9 /* Foundation.framework in Frameworks */ = {isa = PBXBuildFile; fileRef = 8F95D34A1906B5D700FC15F9 /* Foundation.framework */; };
		8F95D34D1906B5D700FC15F9 /* CoreGraphics.framework in Frameworks */ = {isa = PBXBuildFile; fileRef = 8F95D34C1906B5D700FC15F9 /* CoreGraphics.framework */; };
		8F95D34F1906B5D700FC15F9 /* UIKit.framework in Frameworks */ = {isa = PBXBuildFile; fileRef = 8F95D34E1906B5D700FC15F9 /* UIKit.framework */; };
		8F95D3551906B5D700FC15F9 /* InfoPlist.strings in Resources */ = {isa = PBXBuildFile; fileRef = 8F95D3531906B5D700FC15F9 /* InfoPlist.strings */; };
		8F95D3571906B5D700FC15F9 /* main.m in Sources */ = {isa = PBXBuildFile; fileRef = 8F95D3561906B5D700FC15F9 /* main.m */; };
		8F95D35B1906B5D700FC15F9 /* ANIAppDelegate.m in Sources */ = {isa = PBXBuildFile; fileRef = 8F95D35A1906B5D700FC15F9 /* ANIAppDelegate.m */; };
		8F95D35D1906B5D700FC15F9 /* Images.xcassets in Resources */ = {isa = PBXBuildFile; fileRef = 8F95D35C1906B5D700FC15F9 /* Images.xcassets */; };
		8F95D3641906B5D700FC15F9 /* XCTest.framework in Frameworks */ = {isa = PBXBuildFile; fileRef = 8F95D3631906B5D700FC15F9 /* XCTest.framework */; };
		8F95D3651906B5D700FC15F9 /* Foundation.framework in Frameworks */ = {isa = PBXBuildFile; fileRef = 8F95D34A1906B5D700FC15F9 /* Foundation.framework */; };
		8F95D3661906B5D700FC15F9 /* UIKit.framework in Frameworks */ = {isa = PBXBuildFile; fileRef = 8F95D34E1906B5D700FC15F9 /* UIKit.framework */; };
		8F95D36E1906B5D700FC15F9 /* InfoPlist.strings in Resources */ = {isa = PBXBuildFile; fileRef = 8F95D36C1906B5D700FC15F9 /* InfoPlist.strings */; };
		8F95D3701906B5D700FC15F9 /* TopoTests.m in Sources */ = {isa = PBXBuildFile; fileRef = 8F95D36F1906B5D700FC15F9 /* TopoTests.m */; };
/* End PBXBuildFile section */

/* Begin PBXContainerItemProxy section */
		8F95D3671906B5D700FC15F9 /* PBXContainerItemProxy */ = {
			isa = PBXContainerItemProxy;
			containerPortal = 8F95D33F1906B5D700FC15F9 /* Project object */;
			proxyType = 1;
			remoteGlobalIDString = 8F95D3461906B5D700FC15F9;
			remoteInfo = Topo;
		};
/* End PBXContainerItemProxy section */

/* Begin PBXFileReference section */
		8F95D3471906B5D700FC15F9 /* Topo.app */ = {isa = PBXFileReference; explicitFileType = wrapper.application; includeInIndex = 0; path = Topo.app; sourceTree = BUILT_PRODUCTS_DIR; };
		8F95D34A1906B5D700FC15F9 /* Foundation.framework */ = {isa = PBXFileReference; lastKnownFileType = wrapper.framework; name = Foundation.framework; path = System/Library/Frameworks/Foundation.framework; sourceTree = SDKROOT; };
		8F95D34C1906B5D700FC15F9 /* CoreGraphics.framework */ = {isa = PBXFileReference; lastKnownFileType = wrapper.framework; name = CoreGraphics.framework; path = System/Library/Frameworks/CoreGraphics.framework; sourceTree = SDKROOT; };
		8F95D34E1906B5D700FC15F9 /* UIKit.framework */ = {isa = PBXFileReference; lastKnownFileType = wrapper.framework; name = UIKit.framework; path = System/Library/Frameworks/UIKit.framework; sourceTree = SDKROOT; };
		8F95D3521906B5D700FC15F9 /* Topo-Info.plist */ = {isa = PBXFileReference; lastKnownFileType = text.plist.xml; path = "Topo-Info.plist"; sourceTree = "<group>"; };
		8F95D3541906B5D700FC15F9 /* en */ = {isa = PBXFileReference; lastKnownFileType = text.plist.strings; name = en; path = en.lproj/InfoPlist.strings; sourceTree = "<group>"; };
		8F95D3561906B5D700FC15F9 /* main.m */ = {isa = PBXFileReference; lastKnownFileType = sourcecode.c.objc; path = main.m; sourceTree = "<group>"; };
		8F95D3581906B5D700FC15F9 /* Topo-Prefix.pch */ = {isa = PBXFileReference; lastKnownFileType = sourcecode.c.h; path = "Topo-Prefix.pch"; sourceTree = "<group>"; };
		8F95D3591906B5D700FC15F9 /* ANIAppDelegate.h */ = {isa = PBXFileReference; lastKnownFileType = sourcecode.c.h; path = ANIAppDelegate.h; sourceTree = "<group>"; };
		8F95D35A1906B5D700FC15F9 /* ANIAppDelegate.m */ = {isa = PBXFileReference; lastKnownFileType = sourcecode.c.objc; path = ANIAppDelegate.m; sourceTree = "<group>"; };
		8F95D35C1906B5D700FC15F9 /* Images.xcassets */ = {isa = PBXFileReference; lastKnownFileType = folder.assetcatalog; path = Images.xcassets; sourceTree = "<group>"; };
		8F95D3621906B5D700FC15F9 /* TopoTests.xctest */ = {isa = PBXFileReference; explicitFileType = wrapper.cfbundle; includeInIndex = 0; path = TopoTests.xctest; sourceTree = BUILT_PRODUCTS_DIR; };
		8F95D3631906B5D700FC15F9 /* XCTest.framework */ = {isa = PBXFileReference; lastKnownFileType = wrapper.framework; name = XCTest.framework; path = Library/Frameworks/XCTest.framework; sourceTree = DEVELOPER_DIR; };
		8F95D36B1906B5D700FC15F9 /* TopoTests-Info.plist */ = {isa = PBXFileReference; lastKnownFileType = text.plist.xml; path = "TopoTests-Info.plist"; sourceTree = "<group>"; };
		8F95D36D1906B5D700FC15F9 /* en */ = {isa = PBXFileReference; lastKnownFileType = text.plist.strings; name = en; path = en.lproj/InfoPlist.strings; sourceTree = "<group>"; };
		8F95D36F1906B5D700FC15F9 /* TopoTests.m */ = {isa = PBXFileReference; lastKnownFileType = sourcecode.c.objc; path = TopoTests.m; sourceTree = "<group>"; };
/* End PBXFileReference section */

/* Begin PBXFrameworksBuildPhase section */
		8F95D3441906B5D700FC15F9 /* Frameworks */ = {
			isa = PBXFrameworksBuildPhase;
			buildActionMask = 2147483647;
			files = (
				8F95D34D1906B5D700FC15F9 /* CoreGraphics.framework in Frameworks */,
				8F95D34F1906B5D700FC15F9 /* UIKit.framework in Frameworks */,
				8F95D34B1906B5D700FC15F9 /* Foundation.framework in Frameworks */,
			);
			runOnlyForDeploymentPostprocessing = 0;
		};
		8F95D35F1906B5D700FC15F9 /* Frameworks */ = {
			isa = PBXFrameworksBuildPhase;
			buildActionMask = 2147483647;
			files = (
				8F95D3641906B5D700FC15F9 /* XCTest.framework in Frameworks */,
				8F95D3661906B5D700FC15F9 /* UIKit.framework in Frameworks */,
				8F95D3651906B5D700FC15F9 /* Foundation.framework in Frameworks */,
			);
			runOnlyForDeploymentPostprocessing = 0;
		};
/* End PBXFrameworksBuildPhase section */

/* Begin PBXGroup section */
		8F95D33E1906B5D700FC15F9 = {
			isa = PBXGroup;
			children = (
				8F95D3501906B5D700FC15F9 /* Topo */,
				8F95D3691906B5D700FC15F9 /* TopoTests */,
				8F95D3491906B5D700FC15F9 /* Frameworks */,
				8F95D3481906B5D700FC15F9 /* Products */,
			);
			sourceTree = "<group>";
		};
		8F95D3481906B5D700FC15F9 /* Products */ = {
			isa = PBXGroup;
			children = (
				8F95D3471906B5D700FC15F9 /* Topo.app */,
				8F95D3621906B5D700FC15F9 /* TopoTests.xctest */,
			);
			name = Products;
			sourceTree = "<group>";
		};
		8F95D3491906B5D700FC15F9 /* Frameworks */ = {
			isa = PBXGroup;
			children = (
				8F95D34A1906B5D700FC15F9 /* Foundation.framework */,
				8F95D34C1906B5D700FC15F9 /* CoreGraphics.framework */,
				8F95D34E1906B5D700FC15F9 /* UIKit.framework */,
				8F95D3631906B5D700FC15F9 /* XCTest.framework */,
			);
			name = Frameworks;
			sourceTree = "<group>";
		};
		8F95D3501906B5D700FC15F9 /* Topo */ = {
			isa = PBXGroup;
			children = (
				8F95D3591906B5D700FC15F9 /* ANIAppDelegate.h */,
				8F95D35A1906B5D700FC15F9 /* ANIAppDelegate.m */,
				8F95D35C1906B5D700FC15F9 /* Images.xcassets */,
				8F95D3511906B5D700FC15F9 /* Supporting Files */,
			);
			path = Topo;
			sourceTree = "<group>";
		};
		8F95D3511906B5D700FC15F9 /* Supporting Files */ = {
			isa = PBXGroup;
			children = (
				8F95D3521906B5D700FC15F9 /* Topo-Info.plist */,
				8F95D3531906B5D700FC15F9 /* InfoPlist.strings */,
				8F95D3561906B5D700FC15F9 /* main.m */,
				8F95D3581906B5D700FC15F9 /* Topo-Prefix.pch */,
			);
			name = "Supporting Files";
			sourceTree = "<group>";
		};
		8F95D3691906B5D700FC15F9 /* TopoTests */ = {
			isa = PBXGroup;
			children = (
				8F95D36F1906B5D700FC15F9 /* TopoTests.m */,
				8F95D36A1906B5D700FC15F9 /* Supporting Files */,
			);
			path = TopoTests;
			sourceTree = "<group>";
		};
		8F95D36A1906B5D700FC15F9 /* Supporting Files */ = {
			isa = PBXGroup;
			children = (
				8F95D36B1906B5D700FC15F9 /* TopoTests-Info.plist */,
				8F95D36C1906B5D700FC15F9 /* InfoPlist.strings */,
			);
			name = "Supporting Files";
			sourceTree = "<group>";
		};
/* End PBXGroup section */

/* Begin PBXNativeTarget section */
		8F95D3461906B5D700FC15F9 /* Topo */ = {
			isa = PBXNativeTarget;
			buildConfigurationList = 8F95D3731906B5D700FC15F9 /* Build configuration list for PBXNativeTarget "Topo" */;
			buildPhases = (
				8F95D3431906B5D700FC15F9 /* Sources */,
				8F95D3441906B5D700FC15F9 /* Frameworks */,
				8F95D3451906B5D700FC15F9 /* Resources */,
			);
			buildRules = (
			);
			dependencies = (
			);
			name = Topo;
			productName = Topo;
			productReference = 8F95D3471906B5D700FC15F9 /* Topo.app */;
			productType = "com.apple.product-type.application";
		};
		8F95D3611906B5D700FC15F9 /* TopoTests */ = {
			isa = PBXNativeTarget;
			buildConfigurationList = 8F95D3761906B5D700FC15F9 /* Build configuration list for PBXNativeTarget "TopoTests" */;
			buildPhases = (
				8F95D35E1906B5D700FC15F9 /* Sources */,
				8F95D35F1906B5D700FC15F9 /* Frameworks */,
				8F95D3601906B5D700FC15F9 /* Resources */,
			);
			buildRules = (
			);
			dependencies = (
				8F95D3681906B5D700FC15F9 /* PBXTargetDependency */,
			);
			name = TopoTests;
			productName = TopoTests;
			productReference = 8F95D3621906B5D700FC15F9 /* TopoTests.xctest */;
			productType = "com.apple.product-type.bundle.unit-test";
		};
/* End PBXNativeTarget section */

/* Begin PBXProject section */
		8F95D33F1906B5D700FC15F9 /* Project object */ = {
			isa = PBXProject;
			attributes = {
				CLASSPREFIX = ANI;
				LastUpgradeCheck = 0510;
				ORGANIZATIONNAME = 2Robots;
				TargetAttributes = {
					8F95D3611906B5D700FC15F9 = {
						TestTargetID = 8F95D3461906B5D700FC15F9;
					};
				};
			};
			buildConfigurationList = 8F95D3421906B5D700FC15F9 /* Build configuration list for PBXProject "Topo" */;
			compatibilityVersion = "Xcode 3.2";
			developmentRegion = English;
			hasScannedForEncodings = 0;
			knownRegions = (
				en,
			);
			mainGroup = 8F95D33E1906B5D700FC15F9;
			productRefGroup = 8F95D3481906B5D700FC15F9 /* Products */;
			projectDirPath = "";
			projectRoot = "";
			targets = (
				8F95D3461906B5D700FC15F9 /* Topo */,
				8F95D3611906B5D700FC15F9 /* TopoTests */,
			);
		};
/* End PBXProject section */

/* Begin PBXResourcesBuildPhase section */
		8F95D3451906B5D700FC15F9 /* Resources */ = {
			isa = PBXResourcesBuildPhase;
			buildActionMask = 2147483647;
			files = (
				8F95D3551906B5D700FC15F9 /* InfoPlist.strings in Resources */,
				8F95D35D1906B5D700FC15F9 /* Images.xcassets in Resources */,
			);
			runOnlyForDeploymentPostprocessing = 0;
		};
		8F95D3601906B5D700FC15F9 /* Resources */ = {
			isa = PBXResourcesBuildPhase;
			buildActionMask = 2147483647;
			files = (
				8F95D36E1906B5D700FC15F9 /* InfoPlist.strings in Resources */,
			);
			runOnlyForDeploymentPostprocessing = 0;
		};
/* End PBXResourcesBuildPhase section */

/* Begin PBXSourcesBuildPhase section */
		8F95D3431906B5D700FC15F9 /* Sources */ = {
			isa = PBXSourcesBuildPhase;
			buildActionMask = 2147483647;
			files = (
				8F95D3571906B5D700FC15F9 /* main.m in Sources */,
				8F95D35B1906B5D700FC15F9 /* ANIAppDelegate.m in Sources */,
			);
			runOnlyForDeploymentPostprocessing = 0;
		};
		8F95D35E1906B5D700FC15F9 /* Sources */ = {
			isa = PBXSourcesBuildPhase;
			buildActionMask = 2147483647;
			files = (
				8F95D3701906B5D700FC15F9 /* TopoTests.m in Sources */,
			);
			runOnlyForDeploymentPostprocessing = 0;
		};
/* End PBXSourcesBuildPhase section */

/* Begin PBXTargetDependency section */
		8F95D3681906B5D700FC15F9 /* PBXTargetDependency */ = {
			isa = PBXTargetDependency;
			target = 8F95D3461906B5D700FC15F9 /* Topo */;
			targetProxy = 8F95D3671906B5D700FC15F9 /* PBXContainerItemProxy */;
		};
/* End PBXTargetDependency section */

/* Begin PBXVariantGroup section */
		8F95D3531906B5D700FC15F9 /* InfoPlist.strings */ = {
			isa = PBXVariantGroup;
			children = (
				8F95D3541906B5D700FC15F9 /* en */,
			);
			name = InfoPlist.strings;
			sourceTree = "<group>";
		};
		8F95D36C1906B5D700FC15F9 /* InfoPlist.strings */ = {
			isa = PBXVariantGroup;
			children = (
				8F95D36D1906B5D700FC15F9 /* en */,
			);
			name = InfoPlist.strings;
			sourceTree = "<group>";
		};
/* End PBXVariantGroup section */

/* Begin XCBuildConfiguration section */
		8F95D3711906B5D700FC15F9 /* Debug */ = {
			isa = XCBuildConfiguration;
			buildSettings = {
				ALWAYS_SEARCH_USER_PATHS = NO;
				CLANG_CXX_LANGUAGE_STANDARD = "gnu++0x";
				CLANG_CXX_LIBRARY = "libc++";
				CLANG_ENABLE_MODULES = YES;
				CLANG_ENABLE_OBJC_ARC = YES;
				CLANG_WARN_BOOL_CONVERSION = YES;
				CLANG_WARN_CONSTANT_CONVERSION = YES;
				CLANG_WARN_DIRECT_OBJC_ISA_USAGE = YES_ERROR;
				CLANG_WARN_EMPTY_BODY = YES;
				CLANG_WARN_ENUM_CONVERSION = YES;
				CLANG_WARN_INT_CONVERSION = YES;
				CLANG_WARN_OBJC_ROOT_CLASS = YES_ERROR;
				CLANG_WARN__DUPLICATE_METHOD_MATCH = YES;
				"CODE_SIGN_IDENTITY[sdk=iphoneos*]" = "iPhone Developer";
				COPY_PHASE_STRIP = NO;
				GCC_C_LANGUAGE_STANDARD = gnu99;
				GCC_DYNAMIC_NO_PIC = NO;
				GCC_OPTIMIZATION_LEVEL = 0;
				GCC_PREPROCESSOR_DEFINITIONS = (
					"DEBUG=1",
					"$(inherited)",
				);
				GCC_SYMBOLS_PRIVATE_EXTERN = NO;
				GCC_WARN_64_TO_32_BIT_CONVERSION = YES;
				GCC_WARN_ABOUT_RETURN_TYPE = YES_ERROR;
				GCC_WARN_UNDECLARED_SELECTOR = YES;
				GCC_WARN_UNINITIALIZED_AUTOS = YES_AGGRESSIVE;
				GCC_WARN_UNUSED_FUNCTION = YES;
				GCC_WARN_UNUSED_VARIABLE = YES;
				IPHONEOS_DEPLOYMENT_TARGET = 7.1;
				ONLY_ACTIVE_ARCH = YES;
				SDKROOT = iphoneos;
			};
			name = Debug;
		};
		8F95D3721906B5D700FC15F9 /* Release */ = {
			isa = XCBuildConfiguration;
			buildSettings = {
				ALWAYS_SEARCH_USER_PATHS = NO;
				CLANG_CXX_LANGUAGE_STANDARD = "gnu++0x";
				CLANG_CXX_LIBRARY = "libc++";
				CLANG_ENABLE_MODULES = YES;
				CLANG_ENABLE_OBJC_ARC = YES;
				CLANG_WARN_BOOL_CONVERSION = YES;
				CLANG_WARN_CONSTANT_CONVERSION = YES;
				CLANG_WARN_DIRECT_OBJC_ISA_USAGE = YES_ERROR;
				CLANG_WARN_EMPTY_BODY = YES;
				CLANG_WARN_ENUM_CONVERSION = YES;
				CLANG_WARN_INT_CONVERSION = YES;
				CLANG_WARN_OBJC_ROOT_CLASS = YES_ERROR;
				CLANG_WARN__DUPLICATE_METHOD_MATCH = YES;
				"CODE_SIGN_IDENTITY[sdk=iphoneos*]" = "iPhone Developer";
				COPY_PHASE_STRIP = YES;
				ENABLE_NS_ASSERTIONS = NO;
				GCC_C_LANGUAGE_STANDARD = gnu99;
				GCC_WARN_64_TO_32_BIT_CONVERSION = YES;
				GCC_WARN_ABOUT_RETURN_TYPE = YES_ERROR;
				GCC_WARN_UNDECLARED_SELECTOR = YES;
				GCC_WARN_UNINITIALIZED_AUTOS = YES_AGGRESSIVE;
				GCC_WARN_UNUSED_FUNCTION = YES;
				GCC_WARN_UNUSED_VARIABLE = YES;
				IPHONEOS_DEPLOYMENT_TARGET = 7.1;
				SDKROOT = iphoneos;
				VALIDATE_PRODUCT = YES;
			};
			name = Release;
		};
		8F95D3741906B5D700FC15F9 /* Debug */ = {
			isa = XCBuildConfiguration;
			buildSettings = {
				ASSETCATALOG_COMPILER_APPICON_NAME = AppIcon;
				ASSETCATALOG_COMPILER_LAUNCHIMAGE_NAME = LaunchImage;
				GCC_PRECOMPILE_PREFIX_HEADER = YES;
				GCC_PREFIX_HEADER = "Topo/Topo-Prefix.pch";
				INFOPLIST_FILE = "Topo/Topo-Info.plist";
				PRODUCT_NAME = "$(TARGET_NAME)";
				WRAPPER_EXTENSION = app;
			};
			name = Debug;
		};
		8F95D3751906B5D700FC15F9 /* Release */ = {
			isa = XCBuildConfiguration;
			buildSettings = {
				ASSETCATALOG_COMPILER_APPICON_NAME = AppIcon;
				ASSETCATALOG_COMPILER_LAUNCHIMAGE_NAME = LaunchImage;
				GCC_PRECOMPILE_PREFIX_HEADER = YES;
				GCC_PREFIX_HEADER = "Topo/Topo-Prefix.pch";
				INFOPLIST_FILE = "Topo/Topo-Info.plist";
				PRODUCT_NAME = "$(TARGET_NAME)";
				WRAPPER_EXTENSION = app;
			};
			name = Release;
		};
		8F95D3771906B5D700FC15F9 /* Debug */ = {
			isa = XCBuildConfiguration;
			buildSettings = {
				BUNDLE_LOADER = "$(BUILT_PRODUCTS_DIR)/Topo.app/Topo";
				FRAMEWORK_SEARCH_PATHS = (
					"$(SDKROOT)/Developer/Library/Frameworks",
					"$(inherited)",
					"$(DEVELOPER_FRAMEWORKS_DIR)",
				);
				GCC_PRECOMPILE_PREFIX_HEADER = YES;
				GCC_PREFIX_HEADER = "Topo/Topo-Prefix.pch";
				GCC_PREPROCESSOR_DEFINITIONS = (
					"DEBUG=1",
					"$(inherited)",
				);
				INFOPLIST_FILE = "TopoTests/TopoTests-Info.plist";
				PRODUCT_NAME = "$(TARGET_NAME)";
				TEST_HOST = "$(BUNDLE_LOADER)";
				WRAPPER_EXTENSION = xctest;
			};
			name = Debug;
		};
		8F95D3781906B5D700FC15F9 /* Release */ = {
			isa = XCBuildConfiguration;
			buildSettings = {
				BUNDLE_LOADER = "$(BUILT_PRODUCTS_DIR)/Topo.app/Topo";
				FRAMEWORK_SEARCH_PATHS = (
					"$(SDKROOT)/Developer/Library/Frameworks",
					"$(inherited)",
					"$(DEVELOPER_FRAMEWORKS_DIR)",
				);
				GCC_PRECOMPILE_PREFIX_HEADER = YES;
				GCC_PREFIX_HEADER = "Topo/Topo-Prefix.pch";
				INFOPLIST_FILE = "TopoTests/TopoTests-Info.plist";
				PRODUCT_NAME = "$(TARGET_NAME)";
				TEST_HOST = "$(BUNDLE_LOADER)";
				WRAPPER_EXTENSION = xctest;
			};
			name = Release;
		};
/* End XCBuildConfiguration section */

/* Begin XCConfigurationList section */
		8F95D3421906B5D700FC15F9 /* Build configuration list for PBXProject "Topo" */ = {
			isa = XCConfigurationList;
			buildConfigurations = (
				8F95D3711906B5D700FC15F9 /* Debug */,
				8F95D3721906B5D700FC15F9 /* Release */,
			);
			defaultConfigurationIsVisible = 0;
			defaultConfigurationName = Release;
		};
		8F95D3731906B5D700FC15F9 /* Build configuration list for PBXNativeTarget "Topo" */ = {
			isa = XCConfigurationList;
			buildConfigurations = (
				8F95D3741906B5D700FC15F9 /* Debug */,
				8F95D3751906B5D700FC15F9 /* Release */,
			);
			defaultConfigurationIsVisible = 0;
		};
		8F95D3761906B5D700FC15F9 /* Build configuration list for PBXNativeTarget "TopoTests" */ = {
			isa = XCConfigurationList;
			buildConfigurations = (
				8F95D3771906B5D700FC15F9 /* Debug */,
				8F95D3781906B5D700FC15F9 /* Release */,
			);
			defaultConfigurationIsVisible = 0;
		};
/* End XCConfigurationList section */
	};
	rootObject = 8F95D33F1906B5D700FC15F9 /* Project object */;
}
